{
  "name": "codemapping-test",
  "version": "1.0.0",
  "lockfileVersion": 3,
  "requires": true,
  "packages": {
    "": {
      "name": "codemapping-test",
      "version": "1.0.0",
      "license": "ISC",
      "dependencies": {
        "@sentry/integrations": "^7.102.0",
        "@sentry/node": "^7.102.0",
        "@sentry/profiling-node": "^7.102.0"
      }
    },
    "node_modules/@sentry-internal/tracing": {
      "version": "7.102.0",
      "resolved": "https://registry.npmjs.org/@sentry-internal/tracing/-/tracing-7.102.0.tgz",
      "integrity": "sha512-BlE33HWL1IzkGa0W+pwTiyu01MUIfYf+WnO9UC8qkDW3jxVvg2zhoSjXSxikT+KPCOgoZpQHspaTzwjnI1LCvw==",
      "dependencies": {
        "@sentry/core": "7.102.0",
        "@sentry/types": "7.102.0",
        "@sentry/utils": "7.102.0"
      },
      "engines": {
        "node": ">=8"
      }
    },
    "node_modules/@sentry/core": {
      "version": "7.102.0",
      "resolved": "https://registry.npmjs.org/@sentry/core/-/core-7.102.0.tgz",
      "integrity": "sha512-GO9eLOSBK1waW4AD0wDXAreaNqXFQ1MPQZrkKcN+GJYEFhJK1+u+MSV7vO5Fs/rIfaTZIZ2jtEkxSSAOucE8EQ==",
      "dependencies": {
        "@sentry/types": "7.102.0",
        "@sentry/utils": "7.102.0"
      },
      "engines": {
        "node": ">=8"
      }
    },
    "node_modules/@sentry/integrations": {
      "version": "7.102.0",
      "resolved": "https://registry.npmjs.org/@sentry/integrations/-/integrations-7.102.0.tgz",
      "integrity": "sha512-WW7DiAcihi+Fya2YrB6lEUzDAIPuO23wDm4tLJ9vQpMw4LaTj/XkulITTXFI7XLJLzs5Eks9pIfZJdmKrqjchA==",
      "dependencies": {
        "@sentry/core": "7.102.0",
        "@sentry/types": "7.102.0",
        "@sentry/utils": "7.102.0",
        "localforage": "^1.8.1"
      },
      "engines": {
        "node": ">=8"
      }
    },
    "node_modules/@sentry/node": {
      "version": "7.102.0",
      "resolved": "https://registry.npmjs.org/@sentry/node/-/node-7.102.0.tgz",
      "integrity": "sha512-ZS1s2uO/+K4rHkmWjyqm5Jtl6dT7klbZSMvn4tfIpkfWuqrs7pP0jaATyvmF+96z3lpq6fRAJliV5tRqPy7w5Q==",
      "dependencies": {
        "@sentry-internal/tracing": "7.102.0",
        "@sentry/core": "7.102.0",
        "@sentry/types": "7.102.0",
        "@sentry/utils": "7.102.0"
      },
      "engines": {
        "node": ">=8"
      }
    },
    "node_modules/@sentry/profiling-node": {
      "version": "7.102.0",
      "resolved": "https://registry.npmjs.org/@sentry/profiling-node/-/profiling-node-7.102.0.tgz",
      "integrity": "sha512-prw0PveisR6zjAkz0zC9xZHELXLpqofa9vbj6xqnwFQkw3pES/pZAgzRnGjs5xzVsIkXZzVA0vWzOJDGOa0kFg==",
      "hasInstallScript": true,
      "dependencies": {
        "detect-libc": "^2.0.2",
        "node-abi": "^3.52.0"
      },
      "bin": {
        "sentry-prune-profiler-binaries": "scripts/prune-profiler-binaries.js"
      },
      "engines": {
        "node": ">=8.0.0"
      }
    },
    "node_modules/@sentry/types": {
      "version": "7.102.0",
      "resolved": "https://registry.npmjs.org/@sentry/types/-/types-7.102.0.tgz",
      "integrity": "sha512-FPfFBP0x3LkPARw1/6cWySLq1djIo8ao3Qo2KNBeE9CHdq8bsS1a8zzjJLuWG4Ww+wieLP8/lY3WTgrCz4jowg==",
      "engines": {
        "node": ">=8"
      }
    },
    "node_modules/@sentry/utils": {
      "version": "7.102.0",
      "resolved": "https://registry.npmjs.org/@sentry/utils/-/utils-7.102.0.tgz",
      "integrity": "sha512-cp5KCRe0slOVMwG4iP2Z4UajQkjryRTiFskZ5H7Q3X9R5voM8+DAhiDcIW88GL9NxqyUrAJOjmKdeLK2vM+bdA==",
      "dependencies": {
        "@sentry/types": "7.102.0"
      },
      "engines": {
        "node": ">=8"
      }
    },
    "node_modules/detect-libc": {
      "version": "2.0.2",
      "resolved": "https://registry.npmjs.org/detect-libc/-/detect-libc-2.0.2.tgz",
      "integrity": "sha512-UX6sGumvvqSaXgdKGUsgZWqcUyIXZ/vZTrlRT/iobiKhGL0zL4d3osHj3uqllWJK+i+sixDS/3COVEOFbupFyw==",
      "engines": {
        "node": ">=8"
      }
    },
    "node_modules/immediate": {
      "version": "3.0.6",
      "resolved": "https://registry.npmjs.org/immediate/-/immediate-3.0.6.tgz",
      "integrity": "sha512-XXOFtyqDjNDAQxVfYxuF7g9Il/IbWmmlQg2MYKOH8ExIT1qg6xc4zyS3HaEEATgs1btfzxq15ciUiY7gjSXRGQ=="
    },
    "node_modules/lie": {
      "version": "3.1.1",
      "resolved": "https://registry.npmjs.org/lie/-/lie-3.1.1.tgz",
      "integrity": "sha512-RiNhHysUjhrDQntfYSfY4MU24coXXdEOgw9WGcKHNeEwffDYbF//u87M1EWaMGzuFoSbqW0C9C6lEEhDOAswfw==",
      "dependencies": {
        "immediate": "~3.0.5"
      }
    },
    "node_modules/localforage": {
      "version": "1.10.0",
      "resolved": "https://registry.npmjs.org/localforage/-/localforage-1.10.0.tgz",
      "integrity": "sha512-14/H1aX7hzBBmmh7sGPd+AOMkkIrHM3Z1PAyGgZigA1H1p5O5ANnMyWzvpAETtG68/dC4pC0ncy3+PPGzXZHPg==",
      "dependencies": {
        "lie": "3.1.1"
      }
    },
    "node_modules/lru-cache": {
      "version": "6.0.0",
      "resolved": "https://registry.npmjs.org/lru-cache/-/lru-cache-6.0.0.tgz",
      "integrity": "sha512-Jo6dJ04CmSjuznwJSS3pUeWmd/H0ffTlkXXgwZi+eq1UCmqQwCh+eLsYOYCwY991i2Fah4h1BEMCx4qThGbsiA==",
      "dependencies": {
        "yallist": "^4.0.0"
      },
      "engines": {
        "node": ">=10"
      }
    },
    "node_modules/node-abi": {
      "version": "3.54.0",
      "resolved": "https://registry.npmjs.org/node-abi/-/node-abi-3.54.0.tgz",
      "integrity": "sha512-p7eGEiQil0YUV3ItH4/tBb781L5impVmmx2E9FRKF7d18XXzp4PGT2tdYMFY6wQqgxD0IwNZOiSJ0/K0fSi/OA==",
      "dependencies": {
        "semver": "^7.3.5"
      },
      "engines": {
        "node": ">=10"
      }
    },
    "node_modules/semver": {
      "version": "7.6.0",
      "resolved": "https://registry.npmjs.org/semver/-/semver-7.6.0.tgz",
      "integrity": "sha512-EnwXhrlwXMk9gKu5/flx5sv/an57AkRplG3hTK68W7FRDN+k+OWBj65M7719OkA82XLBxrcX0KSHj+X5COhOVg==",
      "dependencies": {
        "lru-cache": "^6.0.0"
      },
      "bin": {
        "semver": "bin/semver.js"
      },
      "engines": {
        "node": ">=10"
      }
    },
    "node_modules/yallist": {
      "version": "4.0.0",
      "resolved": "https://registry.npmjs.org/yallist/-/yallist-4.0.0.tgz",
      "integrity": "sha512-3wdGidZyq5PB084XLES5TpOSRA3wjXAlIWMhum2kRcv/41Sn2emQ0dycQW4uZXLejwKvg6EsvbdlVL+FYEct7A=="
    }
  }
}
